
Microsoft Visual Studio Solution File, Format Version 11.00
# Visual Studio 2010
Project("{FAE04EC0-301F-11D3-BF4B-00C04F79EFBC}") = "NETGen.Core", "NETGen.Core\NETGen.Core.csproj", "{41C5EEF7-BC26-4340-A0B6-90019545B0A4}"
EndProject
Project("{FAE04EC0-301F-11D3-BF4B-00C04F79EFBC}") = "NETGen.Visualization", "NETGen.Visualization\NETGen.Visualization.csproj", "{FB24B173-DEFF-49D9-B232-561887EC652C}"
EndProject
Project("{2150E333-8FDC-42A3-9474-1A3956D46DE8}") = "Applications", "Applications", "{030B3E33-9492-49DD-81F4-68CE037DE089}"
EndProject
Project("{FAE04EC0-301F-11D3-BF4B-00C04F79EFBC}") = "Demo", "Applications\Demo\Demo.csproj", "{DEF5FADA-CECF-4AC5-A124-46791C6FF735}"
EndProject
Project("{2150E333-8FDC-42A3-9474-1A3956D46DE8}") = "ClusterPaper", "ClusterPaper", "{40AECBCB-B4A4-4913-82B0-90AA27269049}"
EndProject
Project("{FAE04EC0-301F-11D3-BF4B-00C04F79EFBC}") = "ClusterSpreading", "Applications\ClusterSpreading\ClusterSpreading.csproj", "{E2FA15E4-3237-4225-B141-DEDE79A9D2FD}"
EndProject
Project("{FAE04EC0-301F-11D3-BF4B-00C04F79EFBC}") = "ClusterAggregation", "Applications\ClusterConsensus\ClusterAggregation.csproj", "{984E824C-1FB5-4DEF-81BA-575332E9DB41}"
EndProject
Project("{FAE04EC0-301F-11D3-BF4B-00C04F79EFBC}") = "ClusterSIR", "Applications\ClusterSIR\ClusterSIR.csproj", "{2D1570D0-AE42-410A-89B9-C01F025D3E71}"
EndProject
Project("{FAE04EC0-301F-11D3-BF4B-00C04F79EFBC}") = "ClusterSync", "Applications\ClusterSync\ClusterSync.csproj", "{D1C6BDD7-07D0-44A8-89CE-C4ACB9A2248C}"
EndProject
Project("{FAE04EC0-301F-11D3-BF4B-00C04F79EFBC}") = "TwitterRealTime", "Applications\TwitterRealTime\TwitterRealTime.csproj", "{BB83D793-82E4-4D71-8BFF-6516B04A90D4}"
EndProject
Project("{FAE04EC0-301F-11D3-BF4B-00C04F79EFBC}") = "MonoParser", "Applications\MonoParser\MonoParser.csproj", "{68CC314F-47A1-4794-BFD7-76DB88844B7D}"
EndProject
Project("{FAE04EC0-301F-11D3-BF4B-00C04F79EFBC}") = "gitHubParser", "Applications\gitHubParser\gitHubParser.csproj", "{E9D12C75-D629-4936-88B3-578A2B19B0AF}"
EndProject
Project("{FAE04EC0-301F-11D3-BF4B-00C04F79EFBC}") = "CuttleFishPlayer", "Applications\CuttleFishCXFPlayer\CuttleFishPlayer.csproj", "{4BAF800A-0EBA-49B2-9DA7-90E33DBEE791}"
EndProject
Project("{FAE04EC0-301F-11D3-BF4B-00C04F79EFBC}") = "pyspgDemo", "Applications\pyspgDemo\pyspgDemo.csproj", "{186A0D96-30F5-4D68-AACC-8AC91A90A46B}"
EndProject
Project("{FAE04EC0-301F-11D3-BF4B-00C04F79EFBC}") = "ConsensusHierarchy", "Applications\ConsensusHierarchy\ConsensusHierarchy.csproj", "{9CD68BAF-E3BA-45D3-BCC6-F97653EB5DDB}"
EndProject
Project("{FAE04EC0-301F-11D3-BF4B-00C04F79EFBC}") = "ModularityComputation", "Applications\ModularityComputation\ModularityComputation.csproj", "{438DD608-221E-4ABA-8291-A7528F16E461}"
EndProject
Project("{2150E333-8FDC-42A3-9474-1A3956D46DE8}") = "NETGen.NetworkModels", "NETGen.NetworkModels", "{6CC8D923-776C-482B-B043-9C1425232A91}"
EndProject
Project("{FAE04EC0-301F-11D3-BF4B-00C04F79EFBC}") = "NETGen.NetworkModels.Cluster", "NETGen.NetworkModels\NETGen.NetworkModels.ClusterNetwork\NETGen.NetworkModels.Cluster.csproj", "{05738475-4CEA-425D-8775-7DD94A3611FD}"
EndProject
Project("{FAE04EC0-301F-11D3-BF4B-00C04F79EFBC}") = "NETGen.NetworkModels.ErdoesRenyi", "NETGen.NetworkModels\NETGen.NetworkModels.ErdoesRenyi\NETGen.NetworkModels.ErdoesRenyi.csproj", "{07D1D82A-049E-4BC9-A8E5-478F4D1F011A}"
EndProject
Project("{FAE04EC0-301F-11D3-BF4B-00C04F79EFBC}") = "NETGen.NetworkModels.BarabasiAlbert", "NETGen.NetworkModels\NETGen.NetworkModels.PreferentialAttachment\NETGen.NetworkModels.BarabasiAlbert.csproj", "{E9546ABC-586C-4BAE-BE40-2DB84AFA7CFF}"
EndProject
Project("{FAE04EC0-301F-11D3-BF4B-00C04F79EFBC}") = "NETGen.NetworkModels.Tree", "NETGen.NetworkModels\NETGen.NetworkModels.Tree\NETGen.NetworkModels.Tree.csproj", "{73A4A13B-B39A-4635-8AAF-F093BD699437}"
EndProject
Project("{FAE04EC0-301F-11D3-BF4B-00C04F79EFBC}") = "NETGen.NetworkModels.WattsStrogatz", "NETGen.NetworkModels\NETGen.NetworkModels.WattsStrogatz\NETGen.NetworkModels.WattsStrogatz.csproj", "{64531B8E-C8B0-41A1-ACC2-330662B77269}"
EndProject
Project("{FAE04EC0-301F-11D3-BF4B-00C04F79EFBC}") = "NETGen.NetworkModels.Fractal", "NETGen.NetworkModels\NETGen.NetworkModels.Fractal\NETGen.NetworkModels.Fractal.csproj", "{B65D6DC7-8A16-478B-8DE5-6CF44D612D5D}"
EndProject
Project("{FAE04EC0-301F-11D3-BF4B-00C04F79EFBC}") = "NETGen.MongoDB", "NETGen.MongoDB\NETGen.MongoDB.csproj", "{60F127BF-35EA-4E16-8B17-5BDC5CD9203A}"
EndProject
Project("{2150E333-8FDC-42A3-9474-1A3956D46DE8}") = "NETGen.Dynamics", "NETGen.Dynamics", "{D61A434F-8A9C-4EFC-A15C-92A5BC19D05C}"
EndProject
Project("{FAE04EC0-301F-11D3-BF4B-00C04F79EFBC}") = "NETGen.Dynamics.Synchronization.Kuramoto", "NETGen.Dynamics\NETGen.Dynamics.Synchronization.Epidemic\NETGen.Dynamics.Synchronization.Kuramoto.csproj", "{83540F86-4BD1-4FC3-9065-A5A838C66D50}"
EndProject
Project("{FAE04EC0-301F-11D3-BF4B-00C04F79EFBC}") = "NETGen.Dynamics.Spreading.SIR", "NETGen.Dynamics\NETGen.Dynamics.Spreading.SIR\NETGen.Dynamics.Spreading.SIR.csproj", "{08949738-35C4-474E-8432-A8AD2DEE5CF4}"
EndProject
Project("{FAE04EC0-301F-11D3-BF4B-00C04F79EFBC}") = "NETGen.Dynamics.Spreading.Simple", "NETGen.Dynamics\NETGen.Dynamics.Spreading.Simple\NETGen.Dynamics.Spreading.Simple.csproj", "{327860D0-4C13-4F73-94AB-247A3ADAF5E6}"
EndProject
Project("{FAE04EC0-301F-11D3-BF4B-00C04F79EFBC}") = "NETGen.Dynamics.CEF", "NETGen.Dynamics\NETGen.Dynamics.CEF\NETGen.Dynamics.CEF.csproj", "{692B7732-D46B-4959-AB6D-B149F191FA3E}"
EndProject
Project("{2150E333-8FDC-42A3-9474-1A3956D46DE8}") = "NETGen.Layouts", "NETGen.Layouts", "{C779CFBB-B9C8-49FF-9B06-6190A7E664C4}"
EndProject
Project("{FAE04EC0-301F-11D3-BF4B-00C04F79EFBC}") = "NETGen.Layouts.FruchtermanReingold", "NETGen.Layouts\NETGen.Layouts.FruchtermanReingold\NETGen.Layouts.FruchtermanReingold.csproj", "{6FFBC24D-9B25-4B99-9950-5DA580AA7E74}"
EndProject
Project("{FAE04EC0-301F-11D3-BF4B-00C04F79EFBC}") = "NETGen.Layouts.Positioned", "NETGen.Layouts\NETGen.Layouts.Positioned\NETGen.Layouts.Positioned.csproj", "{BC0350FF-A9F3-4801-843B-E7EDFB298F4F}"
EndProject
Project("{FAE04EC0-301F-11D3-BF4B-00C04F79EFBC}") = "NETGen.Layouts.Radial", "NETGen.Layouts\NETGen.Layouts.Radial\NETGen.Layouts.Radial.csproj", "{CDC38417-7B6D-4A57-A8D6-51248BB2DAF9}"
EndProject
Project("{FAE04EC0-301F-11D3-BF4B-00C04F79EFBC}") = "NETGen.Layouts.Random", "NETGen.Layouts\NETGen.Layouts.Random\NETGen.Layouts.Random.csproj", "{09B349D0-B8B6-4F4F-BFF8-B6AE2BE17F41}"
EndProject
Project("{FAE04EC0-301F-11D3-BF4B-00C04F79EFBC}") = "NETGen.Layouts.HuForceDirected", "NETGen.Layouts\NETGen.Layouts.HuForceDirected\NETGen.Layouts.HuForceDirected.csproj", "{07FEBE27-2D29-41BA-AB02-511E0D6FD9E2}"
EndProject
Project("{FAE04EC0-301F-11D3-BF4B-00C04F79EFBC}") = "NETGen.pyspg", "NETGen.pyspg\NETGen.pyspg.csproj", "{D48B4217-0FFE-4C33-8CFC-6EEDE62EFE98}"
EndProject
Global
	GlobalSection(SolutionConfigurationPlatforms) = preSolution
		Debug|Any CPU = Debug|Any CPU
		Release|Any CPU = Release|Any CPU
	EndGlobalSection
	GlobalSection(ProjectConfigurationPlatforms) = postSolution
		{41C5EEF7-BC26-4340-A0B6-90019545B0A4}.Debug|Any CPU.ActiveCfg = Debug|Any CPU
		{41C5EEF7-BC26-4340-A0B6-90019545B0A4}.Debug|Any CPU.Build.0 = Debug|Any CPU
		{41C5EEF7-BC26-4340-A0B6-90019545B0A4}.Release|Any CPU.ActiveCfg = Release|Any CPU
		{41C5EEF7-BC26-4340-A0B6-90019545B0A4}.Release|Any CPU.Build.0 = Release|Any CPU
		{FB24B173-DEFF-49D9-B232-561887EC652C}.Debug|Any CPU.ActiveCfg = Debug|Any CPU
		{FB24B173-DEFF-49D9-B232-561887EC652C}.Debug|Any CPU.Build.0 = Debug|Any CPU
		{FB24B173-DEFF-49D9-B232-561887EC652C}.Release|Any CPU.ActiveCfg = Release|Any CPU
		{FB24B173-DEFF-49D9-B232-561887EC652C}.Release|Any CPU.Build.0 = Release|Any CPU
		{DEF5FADA-CECF-4AC5-A124-46791C6FF735}.Debug|Any CPU.ActiveCfg = Debug|Any CPU
		{DEF5FADA-CECF-4AC5-A124-46791C6FF735}.Debug|Any CPU.Build.0 = Debug|Any CPU
		{DEF5FADA-CECF-4AC5-A124-46791C6FF735}.Release|Any CPU.ActiveCfg = Release|Any CPU
		{DEF5FADA-CECF-4AC5-A124-46791C6FF735}.Release|Any CPU.Build.0 = Release|Any CPU
		{E2FA15E4-3237-4225-B141-DEDE79A9D2FD}.Debug|Any CPU.ActiveCfg = Debug|Any CPU
		{E2FA15E4-3237-4225-B141-DEDE79A9D2FD}.Debug|Any CPU.Build.0 = Debug|Any CPU
		{E2FA15E4-3237-4225-B141-DEDE79A9D2FD}.Release|Any CPU.ActiveCfg = Release|Any CPU
		{E2FA15E4-3237-4225-B141-DEDE79A9D2FD}.Release|Any CPU.Build.0 = Release|Any CPU
		{984E824C-1FB5-4DEF-81BA-575332E9DB41}.Debug|Any CPU.ActiveCfg = Debug|Any CPU
		{984E824C-1FB5-4DEF-81BA-575332E9DB41}.Debug|Any CPU.Build.0 = Debug|Any CPU
		{984E824C-1FB5-4DEF-81BA-575332E9DB41}.Release|Any CPU.ActiveCfg = Release|Any CPU
		{984E824C-1FB5-4DEF-81BA-575332E9DB41}.Release|Any CPU.Build.0 = Release|Any CPU
		{2D1570D0-AE42-410A-89B9-C01F025D3E71}.Debug|Any CPU.ActiveCfg = Debug|Any CPU
		{2D1570D0-AE42-410A-89B9-C01F025D3E71}.Debug|Any CPU.Build.0 = Debug|Any CPU
		{2D1570D0-AE42-410A-89B9-C01F025D3E71}.Release|Any CPU.ActiveCfg = Release|Any CPU
		{2D1570D0-AE42-410A-89B9-C01F025D3E71}.Release|Any CPU.Build.0 = Release|Any CPU
		{D1C6BDD7-07D0-44A8-89CE-C4ACB9A2248C}.Debug|Any CPU.ActiveCfg = Debug|Any CPU
		{D1C6BDD7-07D0-44A8-89CE-C4ACB9A2248C}.Debug|Any CPU.Build.0 = Debug|Any CPU
		{D1C6BDD7-07D0-44A8-89CE-C4ACB9A2248C}.Release|Any CPU.ActiveCfg = Release|Any CPU
		{D1C6BDD7-07D0-44A8-89CE-C4ACB9A2248C}.Release|Any CPU.Build.0 = Release|Any CPU
		{BB83D793-82E4-4D71-8BFF-6516B04A90D4}.Debug|Any CPU.ActiveCfg = Debug|Any CPU
		{BB83D793-82E4-4D71-8BFF-6516B04A90D4}.Debug|Any CPU.Build.0 = Debug|Any CPU
		{BB83D793-82E4-4D71-8BFF-6516B04A90D4}.Release|Any CPU.ActiveCfg = Release|Any CPU
		{BB83D793-82E4-4D71-8BFF-6516B04A90D4}.Release|Any CPU.Build.0 = Release|Any CPU
		{68CC314F-47A1-4794-BFD7-76DB88844B7D}.Debug|Any CPU.ActiveCfg = Debug|Any CPU
		{68CC314F-47A1-4794-BFD7-76DB88844B7D}.Debug|Any CPU.Build.0 = Debug|Any CPU
		{68CC314F-47A1-4794-BFD7-76DB88844B7D}.Release|Any CPU.ActiveCfg = Release|Any CPU
		{68CC314F-47A1-4794-BFD7-76DB88844B7D}.Release|Any CPU.Build.0 = Release|Any CPU
		{E9D12C75-D629-4936-88B3-578A2B19B0AF}.Debug|Any CPU.ActiveCfg = Debug|Any CPU
		{E9D12C75-D629-4936-88B3-578A2B19B0AF}.Debug|Any CPU.Build.0 = Debug|Any CPU
		{E9D12C75-D629-4936-88B3-578A2B19B0AF}.Release|Any CPU.ActiveCfg = Release|Any CPU
		{E9D12C75-D629-4936-88B3-578A2B19B0AF}.Release|Any CPU.Build.0 = Release|Any CPU
		{4BAF800A-0EBA-49B2-9DA7-90E33DBEE791}.Debug|Any CPU.ActiveCfg = Debug|Any CPU
		{4BAF800A-0EBA-49B2-9DA7-90E33DBEE791}.Debug|Any CPU.Build.0 = Debug|Any CPU
		{4BAF800A-0EBA-49B2-9DA7-90E33DBEE791}.Release|Any CPU.ActiveCfg = Release|Any CPU
		{4BAF800A-0EBA-49B2-9DA7-90E33DBEE791}.Release|Any CPU.Build.0 = Release|Any CPU
		{186A0D96-30F5-4D68-AACC-8AC91A90A46B}.Debug|Any CPU.ActiveCfg = Debug|Any CPU
		{186A0D96-30F5-4D68-AACC-8AC91A90A46B}.Debug|Any CPU.Build.0 = Debug|Any CPU
		{186A0D96-30F5-4D68-AACC-8AC91A90A46B}.Release|Any CPU.ActiveCfg = Release|Any CPU
		{186A0D96-30F5-4D68-AACC-8AC91A90A46B}.Release|Any CPU.Build.0 = Release|Any CPU
		{9CD68BAF-E3BA-45D3-BCC6-F97653EB5DDB}.Debug|Any CPU.ActiveCfg = Debug|Any CPU
		{9CD68BAF-E3BA-45D3-BCC6-F97653EB5DDB}.Debug|Any CPU.Build.0 = Debug|Any CPU
		{9CD68BAF-E3BA-45D3-BCC6-F97653EB5DDB}.Release|Any CPU.ActiveCfg = Release|Any CPU
		{9CD68BAF-E3BA-45D3-BCC6-F97653EB5DDB}.Release|Any CPU.Build.0 = Release|Any CPU
		{438DD608-221E-4ABA-8291-A7528F16E461}.Debug|Any CPU.ActiveCfg = Debug|Any CPU
		{438DD608-221E-4ABA-8291-A7528F16E461}.Debug|Any CPU.Build.0 = Debug|Any CPU
		{438DD608-221E-4ABA-8291-A7528F16E461}.Release|Any CPU.ActiveCfg = Release|Any CPU
		{438DD608-221E-4ABA-8291-A7528F16E461}.Release|Any CPU.Build.0 = Release|Any CPU
		{05738475-4CEA-425D-8775-7DD94A3611FD}.Debug|Any CPU.ActiveCfg = Debug|Any CPU
		{05738475-4CEA-425D-8775-7DD94A3611FD}.Debug|Any CPU.Build.0 = Debug|Any CPU
		{05738475-4CEA-425D-8775-7DD94A3611FD}.Release|Any CPU.ActiveCfg = Release|Any CPU
		{05738475-4CEA-425D-8775-7DD94A3611FD}.Release|Any CPU.Build.0 = Release|Any CPU
		{07D1D82A-049E-4BC9-A8E5-478F4D1F011A}.Debug|Any CPU.ActiveCfg = Debug|Any CPU
		{07D1D82A-049E-4BC9-A8E5-478F4D1F011A}.Debug|Any CPU.Build.0 = Debug|Any CPU
		{07D1D82A-049E-4BC9-A8E5-478F4D1F011A}.Release|Any CPU.ActiveCfg = Release|Any CPU
		{07D1D82A-049E-4BC9-A8E5-478F4D1F011A}.Release|Any CPU.Build.0 = Release|Any CPU
		{E9546ABC-586C-4BAE-BE40-2DB84AFA7CFF}.Debug|Any CPU.ActiveCfg = Debug|Any CPU
		{E9546ABC-586C-4BAE-BE40-2DB84AFA7CFF}.Debug|Any CPU.Build.0 = Debug|Any CPU
		{E9546ABC-586C-4BAE-BE40-2DB84AFA7CFF}.Release|Any CPU.ActiveCfg = Release|Any CPU
		{E9546ABC-586C-4BAE-BE40-2DB84AFA7CFF}.Release|Any CPU.Build.0 = Release|Any CPU
		{73A4A13B-B39A-4635-8AAF-F093BD699437}.Debug|Any CPU.ActiveCfg = Debug|Any CPU
		{73A4A13B-B39A-4635-8AAF-F093BD699437}.Debug|Any CPU.Build.0 = Debug|Any CPU
		{73A4A13B-B39A-4635-8AAF-F093BD699437}.Release|Any CPU.ActiveCfg = Release|Any CPU
		{73A4A13B-B39A-4635-8AAF-F093BD699437}.Release|Any CPU.Build.0 = Release|Any CPU
		{64531B8E-C8B0-41A1-ACC2-330662B77269}.Debug|Any CPU.ActiveCfg = Debug|Any CPU
		{64531B8E-C8B0-41A1-ACC2-330662B77269}.Debug|Any CPU.Build.0 = Debug|Any CPU
		{64531B8E-C8B0-41A1-ACC2-330662B77269}.Release|Any CPU.ActiveCfg = Release|Any CPU
		{64531B8E-C8B0-41A1-ACC2-330662B77269}.Release|Any CPU.Build.0 = Release|Any CPU
		{B65D6DC7-8A16-478B-8DE5-6CF44D612D5D}.Debug|Any CPU.ActiveCfg = Debug|Any CPU
		{B65D6DC7-8A16-478B-8DE5-6CF44D612D5D}.Debug|Any CPU.Build.0 = Debug|Any CPU
		{B65D6DC7-8A16-478B-8DE5-6CF44D612D5D}.Release|Any CPU.ActiveCfg = Release|Any CPU
		{B65D6DC7-8A16-478B-8DE5-6CF44D612D5D}.Release|Any CPU.Build.0 = Release|Any CPU
		{60F127BF-35EA-4E16-8B17-5BDC5CD9203A}.Debug|Any CPU.ActiveCfg = Debug|Any CPU
		{60F127BF-35EA-4E16-8B17-5BDC5CD9203A}.Debug|Any CPU.Build.0 = Debug|Any CPU
		{60F127BF-35EA-4E16-8B17-5BDC5CD9203A}.Release|Any CPU.ActiveCfg = Release|Any CPU
		{60F127BF-35EA-4E16-8B17-5BDC5CD9203A}.Release|Any CPU.Build.0 = Release|Any CPU
		{83540F86-4BD1-4FC3-9065-A5A838C66D50}.Debug|Any CPU.ActiveCfg = Debug|Any CPU
		{83540F86-4BD1-4FC3-9065-A5A838C66D50}.Debug|Any CPU.Build.0 = Debug|Any CPU
		{83540F86-4BD1-4FC3-9065-A5A838C66D50}.Release|Any CPU.ActiveCfg = Release|Any CPU
		{83540F86-4BD1-4FC3-9065-A5A838C66D50}.Release|Any CPU.Build.0 = Release|Any CPU
		{08949738-35C4-474E-8432-A8AD2DEE5CF4}.Debug|Any CPU.ActiveCfg = Debug|Any CPU
		{08949738-35C4-474E-8432-A8AD2DEE5CF4}.Debug|Any CPU.Build.0 = Debug|Any CPU
		{08949738-35C4-474E-8432-A8AD2DEE5CF4}.Release|Any CPU.ActiveCfg = Release|Any CPU
		{08949738-35C4-474E-8432-A8AD2DEE5CF4}.Release|Any CPU.Build.0 = Release|Any CPU
		{327860D0-4C13-4F73-94AB-247A3ADAF5E6}.Debug|Any CPU.ActiveCfg = Debug|Any CPU
		{327860D0-4C13-4F73-94AB-247A3ADAF5E6}.Debug|Any CPU.Build.0 = Debug|Any CPU
		{327860D0-4C13-4F73-94AB-247A3ADAF5E6}.Release|Any CPU.ActiveCfg = Release|Any CPU
		{327860D0-4C13-4F73-94AB-247A3ADAF5E6}.Release|Any CPU.Build.0 = Release|Any CPU
		{692B7732-D46B-4959-AB6D-B149F191FA3E}.Debug|Any CPU.ActiveCfg = Debug|Any CPU
		{692B7732-D46B-4959-AB6D-B149F191FA3E}.Debug|Any CPU.Build.0 = Debug|Any CPU
		{692B7732-D46B-4959-AB6D-B149F191FA3E}.Release|Any CPU.ActiveCfg = Release|Any CPU
		{692B7732-D46B-4959-AB6D-B149F191FA3E}.Release|Any CPU.Build.0 = Release|Any CPU
		{6FFBC24D-9B25-4B99-9950-5DA580AA7E74}.Debug|Any CPU.ActiveCfg = Debug|Any CPU
		{6FFBC24D-9B25-4B99-9950-5DA580AA7E74}.Debug|Any CPU.Build.0 = Debug|Any CPU
		{6FFBC24D-9B25-4B99-9950-5DA580AA7E74}.Release|Any CPU.ActiveCfg = Release|Any CPU
		{6FFBC24D-9B25-4B99-9950-5DA580AA7E74}.Release|Any CPU.Build.0 = Release|Any CPU
		{BC0350FF-A9F3-4801-843B-E7EDFB298F4F}.Debug|Any CPU.ActiveCfg = Debug|Any CPU
		{BC0350FF-A9F3-4801-843B-E7EDFB298F4F}.Debug|Any CPU.Build.0 = Debug|Any CPU
		{BC0350FF-A9F3-4801-843B-E7EDFB298F4F}.Release|Any CPU.ActiveCfg = Release|Any CPU
		{BC0350FF-A9F3-4801-843B-E7EDFB298F4F}.Release|Any CPU.Build.0 = Release|Any CPU
		{CDC38417-7B6D-4A57-A8D6-51248BB2DAF9}.Debug|Any CPU.ActiveCfg = Debug|Any CPU
		{CDC38417-7B6D-4A57-A8D6-51248BB2DAF9}.Debug|Any CPU.Build.0 = Debug|Any CPU
		{CDC38417-7B6D-4A57-A8D6-51248BB2DAF9}.Release|Any CPU.ActiveCfg = Release|Any CPU
		{CDC38417-7B6D-4A57-A8D6-51248BB2DAF9}.Release|Any CPU.Build.0 = Release|Any CPU
		{09B349D0-B8B6-4F4F-BFF8-B6AE2BE17F41}.Debug|Any CPU.ActiveCfg = Debug|Any CPU
		{09B349D0-B8B6-4F4F-BFF8-B6AE2BE17F41}.Debug|Any CPU.Build.0 = Debug|Any CPU
		{09B349D0-B8B6-4F4F-BFF8-B6AE2BE17F41}.Release|Any CPU.ActiveCfg = Release|Any CPU
		{09B349D0-B8B6-4F4F-BFF8-B6AE2BE17F41}.Release|Any CPU.Build.0 = Release|Any CPU
		{07FEBE27-2D29-41BA-AB02-511E0D6FD9E2}.Debug|Any CPU.ActiveCfg = Debug|Any CPU
		{07FEBE27-2D29-41BA-AB02-511E0D6FD9E2}.Debug|Any CPU.Build.0 = Debug|Any CPU
		{07FEBE27-2D29-41BA-AB02-511E0D6FD9E2}.Release|Any CPU.ActiveCfg = Release|Any CPU
		{07FEBE27-2D29-41BA-AB02-511E0D6FD9E2}.Release|Any CPU.Build.0 = Release|Any CPU
		{D48B4217-0FFE-4C33-8CFC-6EEDE62EFE98}.Debug|Any CPU.ActiveCfg = Debug|Any CPU
		{D48B4217-0FFE-4C33-8CFC-6EEDE62EFE98}.Debug|Any CPU.Build.0 = Debug|Any CPU
		{D48B4217-0FFE-4C33-8CFC-6EEDE62EFE98}.Release|Any CPU.ActiveCfg = Release|Any CPU
		{D48B4217-0FFE-4C33-8CFC-6EEDE62EFE98}.Release|Any CPU.Build.0 = Release|Any CPU
	EndGlobalSection
	GlobalSection(SolutionProperties) = preSolution
		HideSolutionNode = FALSE
	EndGlobalSection
	GlobalSection(NestedProjects) = preSolution
		{DEF5FADA-CECF-4AC5-A124-46791C6FF735} = {030B3E33-9492-49DD-81F4-68CE037DE089}
		{40AECBCB-B4A4-4913-82B0-90AA27269049} = {030B3E33-9492-49DD-81F4-68CE037DE089}
		{BB83D793-82E4-4D71-8BFF-6516B04A90D4} = {030B3E33-9492-49DD-81F4-68CE037DE089}
		{68CC314F-47A1-4794-BFD7-76DB88844B7D} = {030B3E33-9492-49DD-81F4-68CE037DE089}
		{E9D12C75-D629-4936-88B3-578A2B19B0AF} = {030B3E33-9492-49DD-81F4-68CE037DE089}
		{4BAF800A-0EBA-49B2-9DA7-90E33DBEE791} = {030B3E33-9492-49DD-81F4-68CE037DE089}
		{186A0D96-30F5-4D68-AACC-8AC91A90A46B} = {030B3E33-9492-49DD-81F4-68CE037DE089}
		{9CD68BAF-E3BA-45D3-BCC6-F97653EB5DDB} = {030B3E33-9492-49DD-81F4-68CE037DE089}
		{438DD608-221E-4ABA-8291-A7528F16E461} = {030B3E33-9492-49DD-81F4-68CE037DE089}
		{E2FA15E4-3237-4225-B141-DEDE79A9D2FD} = {40AECBCB-B4A4-4913-82B0-90AA27269049}
		{984E824C-1FB5-4DEF-81BA-575332E9DB41} = {40AECBCB-B4A4-4913-82B0-90AA27269049}
		{2D1570D0-AE42-410A-89B9-C01F025D3E71} = {40AECBCB-B4A4-4913-82B0-90AA27269049}
		{D1C6BDD7-07D0-44A8-89CE-C4ACB9A2248C} = {40AECBCB-B4A4-4913-82B0-90AA27269049}
		{05738475-4CEA-425D-8775-7DD94A3611FD} = {6CC8D923-776C-482B-B043-9C1425232A91}
		{07D1D82A-049E-4BC9-A8E5-478F4D1F011A} = {6CC8D923-776C-482B-B043-9C1425232A91}
		{E9546ABC-586C-4BAE-BE40-2DB84AFA7CFF} = {6CC8D923-776C-482B-B043-9C1425232A91}
		{73A4A13B-B39A-4635-8AAF-F093BD699437} = {6CC8D923-776C-482B-B043-9C1425232A91}
		{64531B8E-C8B0-41A1-ACC2-330662B77269} = {6CC8D923-776C-482B-B043-9C1425232A91}
		{B65D6DC7-8A16-478B-8DE5-6CF44D612D5D} = {6CC8D923-776C-482B-B043-9C1425232A91}
		{83540F86-4BD1-4FC3-9065-A5A838C66D50} = {D61A434F-8A9C-4EFC-A15C-92A5BC19D05C}
		{08949738-35C4-474E-8432-A8AD2DEE5CF4} = {D61A434F-8A9C-4EFC-A15C-92A5BC19D05C}
		{327860D0-4C13-4F73-94AB-247A3ADAF5E6} = {D61A434F-8A9C-4EFC-A15C-92A5BC19D05C}
		{692B7732-D46B-4959-AB6D-B149F191FA3E} = {D61A434F-8A9C-4EFC-A15C-92A5BC19D05C}
		{6FFBC24D-9B25-4B99-9950-5DA580AA7E74} = {C779CFBB-B9C8-49FF-9B06-6190A7E664C4}
		{BC0350FF-A9F3-4801-843B-E7EDFB298F4F} = {C779CFBB-B9C8-49FF-9B06-6190A7E664C4}
		{CDC38417-7B6D-4A57-A8D6-51248BB2DAF9} = {C779CFBB-B9C8-49FF-9B06-6190A7E664C4}
		{09B349D0-B8B6-4F4F-BFF8-B6AE2BE17F41} = {C779CFBB-B9C8-49FF-9B06-6190A7E664C4}
		{07FEBE27-2D29-41BA-AB02-511E0D6FD9E2} = {C779CFBB-B9C8-49FF-9B06-6190A7E664C4}
	EndGlobalSection
	GlobalSection(MonoDevelopProperties) = preSolution
		StartupItem = Applications\GraphMLVisualizer\NETGenGUI.csproj
		Policies = $0
		$0.VersionControlPolicy = $1
		$1.inheritsSet = Mono
		$0.ChangeLogPolicy = $2
		$2.UpdateMode = None
		$2.MessageStyle = $3
		$3.LineAlign = 0
		$2.inheritsSet = Mono
	EndGlobalSection
EndGlobal
