
Microsoft Visual Studio Solution File, Format Version 11.00
# Visual Studio 2010
Project("{FAE04EC0-301F-11D3-BF4B-00C04F79EFBC}") = "NETGen.Core", "NETGen.Core\NETGen.Core.csproj", "{41C5EEF7-BC26-4340-A0B6-90019545B0A4}"
EndProject
Project("{FAE04EC0-301F-11D3-BF4B-00C04F79EFBC}") = "NETGen.Visualization", "NETGen.Visualization\NETGen.Visualization.csproj", "{FB24B173-DEFF-49D9-B232-561887EC652C}"
EndProject
Project("{FAE04EC0-301F-11D3-BF4B-00C04F79EFBC}") = "NETGen.GUI", "NETGen.GUI\NETGen.GUI.csproj", "{A27CA90C-C62D-45E0-BEBB-BC96E393977B}"
EndProject
Project("{2150E333-8FDC-42A3-9474-1A3956D46DE8}") = "Simulations", "Simulations", "{030B3E33-9492-49DD-81F4-68CE037DE089}"
EndProject
Project("{FAE04EC0-301F-11D3-BF4B-00C04F79EFBC}") = "DemoSimulation", "Simulations\DemoSimulation\DemoSimulation.csproj", "{DEF5FADA-CECF-4AC5-A124-46791C6FF735}"
EndProject
Project("{2150E333-8FDC-42A3-9474-1A3956D46DE8}") = "ClusterPaper", "ClusterPaper", "{40AECBCB-B4A4-4913-82B0-90AA27269049}"
EndProject
Project("{FAE04EC0-301F-11D3-BF4B-00C04F79EFBC}") = "ClusterSpreading", "Simulations\ClusterSpreading\ClusterSpreading.csproj", "{E2FA15E4-3237-4225-B141-DEDE79A9D2FD}"
EndProject
Project("{FAE04EC0-301F-11D3-BF4B-00C04F79EFBC}") = "ClusterConsensus", "Simulations\ClusterConsensus\ClusterConsensus.csproj", "{984E824C-1FB5-4DEF-81BA-575332E9DB41}"
EndProject
Project("{FAE04EC0-301F-11D3-BF4B-00C04F79EFBC}") = "ClusterSIR", "Simulations\ClusterSIR\ClusterSIR.csproj", "{2D1570D0-AE42-410A-89B9-C01F025D3E71}"
EndProject
Project("{FAE04EC0-301F-11D3-BF4B-00C04F79EFBC}") = "ClusterSynchronization", "Simulations\ClusterSynchronization\ClusterSynchronization.csproj", "{D1C6BDD7-07D0-44A8-89CE-C4ACB9A2248C}"
EndProject
Project("{FAE04EC0-301F-11D3-BF4B-00C04F79EFBC}") = "TwitterRealTime", "Simulations\TwitterRealTime\TwitterRealTime.csproj", "{BB83D793-82E4-4D71-8BFF-6516B04A90D4}"
EndProject
Project("{FAE04EC0-301F-11D3-BF4B-00C04F79EFBC}") = "MonoParser", "Simulations\MonoParser\MonoParser.csproj", "{68CC314F-47A1-4794-BFD7-76DB88844B7D}"
EndProject
Project("{2150E333-8FDC-42A3-9474-1A3956D46DE8}") = "Layouts", "Layouts", "{B29B7521-7D83-4C33-BEE7-7F7FA65D260A}"
EndProject
Project("{FAE04EC0-301F-11D3-BF4B-00C04F79EFBC}") = "NETGen.Layout.FruchtermanReingold", "LayoutProviders\NETGen.Layout.ForceDirected\NETGen.Layout.FruchtermanReingold.csproj", "{6FFBC24D-9B25-4B99-9950-5DA580AA7E74}"
EndProject
Project("{FAE04EC0-301F-11D3-BF4B-00C04F79EFBC}") = "NETGen.Layout.Positioned", "LayoutProviders\NETGen.Layout.Positioned\NETGen.Layout.Positioned.csproj", "{BC0350FF-A9F3-4801-843B-E7EDFB298F4F}"
EndProject
Project("{FAE04EC0-301F-11D3-BF4B-00C04F79EFBC}") = "NETGen.Layout.Random", "LayoutProviders\NETGen.Layout.Random\NETGen.Layout.Random.csproj", "{09B349D0-B8B6-4F4F-BFF8-B6AE2BE17F41}"
EndProject
Project("{FAE04EC0-301F-11D3-BF4B-00C04F79EFBC}") = "NETGen.Layout.Radial", "LayoutProviders\NETGen.Layout.Radial\NETGen.Layout.Radial.csproj", "{CDC38417-7B6D-4A57-A8D6-51248BB2DAF9}"
EndProject
Project("{2150E333-8FDC-42A3-9474-1A3956D46DE8}") = "NetworkModels", "NetworkModels", "{6CC8D923-776C-482B-B043-9C1425232A91}"
EndProject
Project("{FAE04EC0-301F-11D3-BF4B-00C04F79EFBC}") = "NETGen.NetworkModels.Cluster", "NetworkModels\ClusterNetwork\NETGen.NetworkModels.Cluster.csproj", "{05738475-4CEA-425D-8775-7DD94A3611FD}"
EndProject
Project("{FAE04EC0-301F-11D3-BF4B-00C04F79EFBC}") = "NETGen.NetworkModels.BarabasiAlbert", "NetworkModels\PreferentialAttachment\NETGen.NetworkModels.BarabasiAlbert.csproj", "{E9546ABC-586C-4BAE-BE40-2DB84AFA7CFF}"
EndProject
Project("{FAE04EC0-301F-11D3-BF4B-00C04F79EFBC}") = "NETGen.NetworkModels.ErdoesRenyi", "NetworkModels\NETGen.NetworkModels.ErdoesRenyi\NETGen.NetworkModels.ErdoesRenyi.csproj", "{07D1D82A-049E-4BC9-A8E5-478F4D1F011A}"
EndProject
Project("{FAE04EC0-301F-11D3-BF4B-00C04F79EFBC}") = "NETGen.NetworkModels.Tree", "NetworkModels\NETGen.NetworkModels.Tree\NETGen.NetworkModels.Tree.csproj", "{73A4A13B-B39A-4635-8AAF-F093BD699437}"
EndProject
Project("{FAE04EC0-301F-11D3-BF4B-00C04F79EFBC}") = "NETGen.NetworkModels.WattsStrogatz", "NetworkModels\NETGen.NetworkModels.WattsStrogatz\NETGen.NetworkModels.WattsStrogatz.csproj", "{64531B8E-C8B0-41A1-ACC2-330662B77269}"
EndProject
Project("{FAE04EC0-301F-11D3-BF4B-00C04F79EFBC}") = "NETGen.MongoDB", "NETGen.MongoDB\NETGen.MongoDB.csproj", "{60F127BF-35EA-4E16-8B17-5BDC5CD9203A}"
EndProject
Global
	GlobalSection(SolutionConfigurationPlatforms) = preSolution
		Debug|Any CPU = Debug|Any CPU
		Debug|Mixed Platforms = Debug|Mixed Platforms
		Debug|x86 = Debug|x86
		Release|Any CPU = Release|Any CPU
		Release|Mixed Platforms = Release|Mixed Platforms
		Release|x86 = Release|x86
	EndGlobalSection
	GlobalSection(ProjectConfigurationPlatforms) = postSolution
		{05738475-4CEA-425D-8775-7DD94A3611FD}.Debug|Any CPU.ActiveCfg = Debug|Any CPU
		{05738475-4CEA-425D-8775-7DD94A3611FD}.Debug|Any CPU.Build.0 = Debug|Any CPU
		{05738475-4CEA-425D-8775-7DD94A3611FD}.Debug|Mixed Platforms.ActiveCfg = Debug|Any CPU
		{05738475-4CEA-425D-8775-7DD94A3611FD}.Debug|Mixed Platforms.Build.0 = Debug|Any CPU
		{05738475-4CEA-425D-8775-7DD94A3611FD}.Debug|x86.ActiveCfg = Debug|Any CPU
		{05738475-4CEA-425D-8775-7DD94A3611FD}.Debug|x86.Build.0 = Debug|Any CPU
		{05738475-4CEA-425D-8775-7DD94A3611FD}.Release|Any CPU.ActiveCfg = Release|Any CPU
		{05738475-4CEA-425D-8775-7DD94A3611FD}.Release|Any CPU.Build.0 = Release|Any CPU
		{05738475-4CEA-425D-8775-7DD94A3611FD}.Release|Mixed Platforms.ActiveCfg = Release|Any CPU
		{05738475-4CEA-425D-8775-7DD94A3611FD}.Release|Mixed Platforms.Build.0 = Release|Any CPU
		{05738475-4CEA-425D-8775-7DD94A3611FD}.Release|x86.ActiveCfg = Release|Any CPU
		{05738475-4CEA-425D-8775-7DD94A3611FD}.Release|x86.Build.0 = Release|Any CPU
		{07D1D82A-049E-4BC9-A8E5-478F4D1F011A}.Debug|Any CPU.ActiveCfg = Debug|Any CPU
		{07D1D82A-049E-4BC9-A8E5-478F4D1F011A}.Debug|Any CPU.Build.0 = Debug|Any CPU
		{07D1D82A-049E-4BC9-A8E5-478F4D1F011A}.Debug|Mixed Platforms.ActiveCfg = Debug|Any CPU
		{07D1D82A-049E-4BC9-A8E5-478F4D1F011A}.Debug|Mixed Platforms.Build.0 = Debug|Any CPU
		{07D1D82A-049E-4BC9-A8E5-478F4D1F011A}.Debug|x86.ActiveCfg = Debug|Any CPU
		{07D1D82A-049E-4BC9-A8E5-478F4D1F011A}.Debug|x86.Build.0 = Debug|Any CPU
		{07D1D82A-049E-4BC9-A8E5-478F4D1F011A}.Release|Any CPU.ActiveCfg = Release|Any CPU
		{07D1D82A-049E-4BC9-A8E5-478F4D1F011A}.Release|Any CPU.Build.0 = Release|Any CPU
		{07D1D82A-049E-4BC9-A8E5-478F4D1F011A}.Release|Mixed Platforms.ActiveCfg = Release|Any CPU
		{07D1D82A-049E-4BC9-A8E5-478F4D1F011A}.Release|Mixed Platforms.Build.0 = Release|Any CPU
		{07D1D82A-049E-4BC9-A8E5-478F4D1F011A}.Release|x86.ActiveCfg = Release|Any CPU
		{07D1D82A-049E-4BC9-A8E5-478F4D1F011A}.Release|x86.Build.0 = Release|Any CPU
		{09B349D0-B8B6-4F4F-BFF8-B6AE2BE17F41}.Debug|Any CPU.ActiveCfg = Debug|Any CPU
		{09B349D0-B8B6-4F4F-BFF8-B6AE2BE17F41}.Debug|Any CPU.Build.0 = Debug|Any CPU
		{09B349D0-B8B6-4F4F-BFF8-B6AE2BE17F41}.Debug|Mixed Platforms.ActiveCfg = Debug|Any CPU
		{09B349D0-B8B6-4F4F-BFF8-B6AE2BE17F41}.Debug|Mixed Platforms.Build.0 = Debug|Any CPU
		{09B349D0-B8B6-4F4F-BFF8-B6AE2BE17F41}.Debug|x86.ActiveCfg = Debug|Any CPU
		{09B349D0-B8B6-4F4F-BFF8-B6AE2BE17F41}.Debug|x86.Build.0 = Debug|Any CPU
		{09B349D0-B8B6-4F4F-BFF8-B6AE2BE17F41}.Release|Any CPU.ActiveCfg = Release|Any CPU
		{09B349D0-B8B6-4F4F-BFF8-B6AE2BE17F41}.Release|Any CPU.Build.0 = Release|Any CPU
		{09B349D0-B8B6-4F4F-BFF8-B6AE2BE17F41}.Release|Mixed Platforms.ActiveCfg = Release|Any CPU
		{09B349D0-B8B6-4F4F-BFF8-B6AE2BE17F41}.Release|Mixed Platforms.Build.0 = Release|Any CPU
		{09B349D0-B8B6-4F4F-BFF8-B6AE2BE17F41}.Release|x86.ActiveCfg = Release|Any CPU
		{09B349D0-B8B6-4F4F-BFF8-B6AE2BE17F41}.Release|x86.Build.0 = Release|Any CPU
		{2D1570D0-AE42-410A-89B9-C01F025D3E71}.Debug|Any CPU.ActiveCfg = Debug|Any CPU
		{2D1570D0-AE42-410A-89B9-C01F025D3E71}.Debug|Any CPU.Build.0 = Debug|Any CPU
		{2D1570D0-AE42-410A-89B9-C01F025D3E71}.Debug|Mixed Platforms.ActiveCfg = Debug|Any CPU
		{2D1570D0-AE42-410A-89B9-C01F025D3E71}.Debug|Mixed Platforms.Build.0 = Debug|Any CPU
		{2D1570D0-AE42-410A-89B9-C01F025D3E71}.Debug|x86.ActiveCfg = Debug|Any CPU
		{2D1570D0-AE42-410A-89B9-C01F025D3E71}.Debug|x86.Build.0 = Debug|Any CPU
		{2D1570D0-AE42-410A-89B9-C01F025D3E71}.Release|Any CPU.ActiveCfg = Release|Any CPU
		{2D1570D0-AE42-410A-89B9-C01F025D3E71}.Release|Any CPU.Build.0 = Release|Any CPU
		{2D1570D0-AE42-410A-89B9-C01F025D3E71}.Release|Mixed Platforms.ActiveCfg = Release|Any CPU
		{2D1570D0-AE42-410A-89B9-C01F025D3E71}.Release|Mixed Platforms.Build.0 = Release|Any CPU
		{2D1570D0-AE42-410A-89B9-C01F025D3E71}.Release|x86.ActiveCfg = Release|Any CPU
		{2D1570D0-AE42-410A-89B9-C01F025D3E71}.Release|x86.Build.0 = Release|Any CPU
		{41C5EEF7-BC26-4340-A0B6-90019545B0A4}.Debug|Any CPU.ActiveCfg = Debug|x86
		{41C5EEF7-BC26-4340-A0B6-90019545B0A4}.Debug|Any CPU.Build.0 = Debug|x86
		{41C5EEF7-BC26-4340-A0B6-90019545B0A4}.Debug|Mixed Platforms.ActiveCfg = Debug|x86
		{41C5EEF7-BC26-4340-A0B6-90019545B0A4}.Debug|Mixed Platforms.Build.0 = Debug|x86
		{41C5EEF7-BC26-4340-A0B6-90019545B0A4}.Debug|x86.ActiveCfg = Debug|x86
		{41C5EEF7-BC26-4340-A0B6-90019545B0A4}.Debug|x86.Build.0 = Debug|x86
		{41C5EEF7-BC26-4340-A0B6-90019545B0A4}.Release|Any CPU.ActiveCfg = Release|x86
		{41C5EEF7-BC26-4340-A0B6-90019545B0A4}.Release|Any CPU.Build.0 = Release|x86
		{41C5EEF7-BC26-4340-A0B6-90019545B0A4}.Release|Mixed Platforms.ActiveCfg = Release|x86
		{41C5EEF7-BC26-4340-A0B6-90019545B0A4}.Release|Mixed Platforms.Build.0 = Release|x86
		{41C5EEF7-BC26-4340-A0B6-90019545B0A4}.Release|x86.ActiveCfg = Release|x86
		{41C5EEF7-BC26-4340-A0B6-90019545B0A4}.Release|x86.Build.0 = Release|x86
		{60F127BF-35EA-4E16-8B17-5BDC5CD9203A}.Debug|Any CPU.ActiveCfg = Debug|x86
		{60F127BF-35EA-4E16-8B17-5BDC5CD9203A}.Debug|Any CPU.Build.0 = Debug|x86
		{60F127BF-35EA-4E16-8B17-5BDC5CD9203A}.Debug|Mixed Platforms.ActiveCfg = Debug|x86
		{60F127BF-35EA-4E16-8B17-5BDC5CD9203A}.Debug|Mixed Platforms.Build.0 = Debug|x86
		{60F127BF-35EA-4E16-8B17-5BDC5CD9203A}.Debug|x86.ActiveCfg = Debug|x86
		{60F127BF-35EA-4E16-8B17-5BDC5CD9203A}.Debug|x86.Build.0 = Debug|x86
		{60F127BF-35EA-4E16-8B17-5BDC5CD9203A}.Release|Any CPU.ActiveCfg = Release|x86
		{60F127BF-35EA-4E16-8B17-5BDC5CD9203A}.Release|Any CPU.Build.0 = Release|x86
		{60F127BF-35EA-4E16-8B17-5BDC5CD9203A}.Release|Mixed Platforms.ActiveCfg = Release|x86
		{60F127BF-35EA-4E16-8B17-5BDC5CD9203A}.Release|Mixed Platforms.Build.0 = Release|x86
		{60F127BF-35EA-4E16-8B17-5BDC5CD9203A}.Release|x86.ActiveCfg = Release|x86
		{60F127BF-35EA-4E16-8B17-5BDC5CD9203A}.Release|x86.Build.0 = Release|x86
		{64531B8E-C8B0-41A1-ACC2-330662B77269}.Debug|Any CPU.ActiveCfg = Debug|Any CPU
		{64531B8E-C8B0-41A1-ACC2-330662B77269}.Debug|Any CPU.Build.0 = Debug|Any CPU
		{64531B8E-C8B0-41A1-ACC2-330662B77269}.Debug|Mixed Platforms.ActiveCfg = Debug|Any CPU
		{64531B8E-C8B0-41A1-ACC2-330662B77269}.Debug|Mixed Platforms.Build.0 = Debug|Any CPU
		{64531B8E-C8B0-41A1-ACC2-330662B77269}.Debug|x86.ActiveCfg = Debug|Any CPU
		{64531B8E-C8B0-41A1-ACC2-330662B77269}.Debug|x86.Build.0 = Debug|Any CPU
		{64531B8E-C8B0-41A1-ACC2-330662B77269}.Release|Any CPU.ActiveCfg = Release|Any CPU
		{64531B8E-C8B0-41A1-ACC2-330662B77269}.Release|Any CPU.Build.0 = Release|Any CPU
		{64531B8E-C8B0-41A1-ACC2-330662B77269}.Release|Mixed Platforms.ActiveCfg = Release|Any CPU
		{64531B8E-C8B0-41A1-ACC2-330662B77269}.Release|Mixed Platforms.Build.0 = Release|Any CPU
		{64531B8E-C8B0-41A1-ACC2-330662B77269}.Release|x86.ActiveCfg = Release|Any CPU
		{64531B8E-C8B0-41A1-ACC2-330662B77269}.Release|x86.Build.0 = Release|Any CPU
		{68CC314F-47A1-4794-BFD7-76DB88844B7D}.Debug|Any CPU.ActiveCfg = Debug|x86
		{68CC314F-47A1-4794-BFD7-76DB88844B7D}.Debug|Any CPU.Build.0 = Debug|x86
		{68CC314F-47A1-4794-BFD7-76DB88844B7D}.Debug|Mixed Platforms.ActiveCfg = Debug|x86
		{68CC314F-47A1-4794-BFD7-76DB88844B7D}.Debug|Mixed Platforms.Build.0 = Debug|x86
		{68CC314F-47A1-4794-BFD7-76DB88844B7D}.Debug|x86.ActiveCfg = Debug|x86
		{68CC314F-47A1-4794-BFD7-76DB88844B7D}.Debug|x86.Build.0 = Debug|x86
		{68CC314F-47A1-4794-BFD7-76DB88844B7D}.Release|Any CPU.ActiveCfg = Release|x86
		{68CC314F-47A1-4794-BFD7-76DB88844B7D}.Release|Any CPU.Build.0 = Release|x86
		{68CC314F-47A1-4794-BFD7-76DB88844B7D}.Release|Mixed Platforms.ActiveCfg = Release|x86
		{68CC314F-47A1-4794-BFD7-76DB88844B7D}.Release|Mixed Platforms.Build.0 = Release|x86
		{68CC314F-47A1-4794-BFD7-76DB88844B7D}.Release|x86.ActiveCfg = Release|x86
		{68CC314F-47A1-4794-BFD7-76DB88844B7D}.Release|x86.Build.0 = Release|x86
		{6FFBC24D-9B25-4B99-9950-5DA580AA7E74}.Debug|Any CPU.ActiveCfg = Debug|Any CPU
		{6FFBC24D-9B25-4B99-9950-5DA580AA7E74}.Debug|Any CPU.Build.0 = Debug|Any CPU
		{6FFBC24D-9B25-4B99-9950-5DA580AA7E74}.Debug|Mixed Platforms.ActiveCfg = Debug|Any CPU
		{6FFBC24D-9B25-4B99-9950-5DA580AA7E74}.Debug|Mixed Platforms.Build.0 = Debug|Any CPU
		{6FFBC24D-9B25-4B99-9950-5DA580AA7E74}.Debug|x86.ActiveCfg = Debug|Any CPU
		{6FFBC24D-9B25-4B99-9950-5DA580AA7E74}.Debug|x86.Build.0 = Debug|Any CPU
		{6FFBC24D-9B25-4B99-9950-5DA580AA7E74}.Release|Any CPU.ActiveCfg = Release|Any CPU
		{6FFBC24D-9B25-4B99-9950-5DA580AA7E74}.Release|Any CPU.Build.0 = Release|Any CPU
		{6FFBC24D-9B25-4B99-9950-5DA580AA7E74}.Release|Mixed Platforms.ActiveCfg = Release|Any CPU
		{6FFBC24D-9B25-4B99-9950-5DA580AA7E74}.Release|Mixed Platforms.Build.0 = Release|Any CPU
		{6FFBC24D-9B25-4B99-9950-5DA580AA7E74}.Release|x86.ActiveCfg = Release|Any CPU
		{6FFBC24D-9B25-4B99-9950-5DA580AA7E74}.Release|x86.Build.0 = Release|Any CPU
		{73A4A13B-B39A-4635-8AAF-F093BD699437}.Debug|Any CPU.ActiveCfg = Debug|Any CPU
		{73A4A13B-B39A-4635-8AAF-F093BD699437}.Debug|Any CPU.Build.0 = Debug|Any CPU
		{73A4A13B-B39A-4635-8AAF-F093BD699437}.Debug|Mixed Platforms.ActiveCfg = Debug|Any CPU
		{73A4A13B-B39A-4635-8AAF-F093BD699437}.Debug|Mixed Platforms.Build.0 = Debug|Any CPU
		{73A4A13B-B39A-4635-8AAF-F093BD699437}.Debug|x86.ActiveCfg = Debug|Any CPU
		{73A4A13B-B39A-4635-8AAF-F093BD699437}.Debug|x86.Build.0 = Debug|Any CPU
		{73A4A13B-B39A-4635-8AAF-F093BD699437}.Release|Any CPU.ActiveCfg = Release|Any CPU
		{73A4A13B-B39A-4635-8AAF-F093BD699437}.Release|Any CPU.Build.0 = Release|Any CPU
		{73A4A13B-B39A-4635-8AAF-F093BD699437}.Release|Mixed Platforms.ActiveCfg = Release|Any CPU
		{73A4A13B-B39A-4635-8AAF-F093BD699437}.Release|Mixed Platforms.Build.0 = Release|Any CPU
		{73A4A13B-B39A-4635-8AAF-F093BD699437}.Release|x86.ActiveCfg = Release|Any CPU
		{73A4A13B-B39A-4635-8AAF-F093BD699437}.Release|x86.Build.0 = Release|Any CPU
		{984E824C-1FB5-4DEF-81BA-575332E9DB41}.Debug|Any CPU.ActiveCfg = Debug|x86
		{984E824C-1FB5-4DEF-81BA-575332E9DB41}.Debug|Any CPU.Build.0 = Debug|x86
		{984E824C-1FB5-4DEF-81BA-575332E9DB41}.Debug|Mixed Platforms.ActiveCfg = Debug|x86
		{984E824C-1FB5-4DEF-81BA-575332E9DB41}.Debug|Mixed Platforms.Build.0 = Debug|x86
		{984E824C-1FB5-4DEF-81BA-575332E9DB41}.Debug|x86.ActiveCfg = Debug|x86
		{984E824C-1FB5-4DEF-81BA-575332E9DB41}.Debug|x86.Build.0 = Debug|x86
		{984E824C-1FB5-4DEF-81BA-575332E9DB41}.Release|Any CPU.ActiveCfg = Release|x86
		{984E824C-1FB5-4DEF-81BA-575332E9DB41}.Release|Any CPU.Build.0 = Release|x86
		{984E824C-1FB5-4DEF-81BA-575332E9DB41}.Release|Mixed Platforms.ActiveCfg = Release|x86
		{984E824C-1FB5-4DEF-81BA-575332E9DB41}.Release|Mixed Platforms.Build.0 = Release|x86
		{984E824C-1FB5-4DEF-81BA-575332E9DB41}.Release|x86.ActiveCfg = Release|x86
		{984E824C-1FB5-4DEF-81BA-575332E9DB41}.Release|x86.Build.0 = Release|x86
		{A27CA90C-C62D-45E0-BEBB-BC96E393977B}.Debug|Any CPU.ActiveCfg = Debug|x86
		{A27CA90C-C62D-45E0-BEBB-BC96E393977B}.Debug|Any CPU.Build.0 = Debug|x86
		{A27CA90C-C62D-45E0-BEBB-BC96E393977B}.Debug|Mixed Platforms.ActiveCfg = Debug|x86
		{A27CA90C-C62D-45E0-BEBB-BC96E393977B}.Debug|Mixed Platforms.Build.0 = Debug|x86
		{A27CA90C-C62D-45E0-BEBB-BC96E393977B}.Debug|x86.ActiveCfg = Debug|x86
		{A27CA90C-C62D-45E0-BEBB-BC96E393977B}.Debug|x86.Build.0 = Debug|x86
		{A27CA90C-C62D-45E0-BEBB-BC96E393977B}.Release|Any CPU.ActiveCfg = Release|x86
		{A27CA90C-C62D-45E0-BEBB-BC96E393977B}.Release|Any CPU.Build.0 = Release|x86
		{A27CA90C-C62D-45E0-BEBB-BC96E393977B}.Release|Mixed Platforms.ActiveCfg = Release|x86
		{A27CA90C-C62D-45E0-BEBB-BC96E393977B}.Release|Mixed Platforms.Build.0 = Release|x86
		{A27CA90C-C62D-45E0-BEBB-BC96E393977B}.Release|x86.ActiveCfg = Release|x86
		{A27CA90C-C62D-45E0-BEBB-BC96E393977B}.Release|x86.Build.0 = Release|x86
		{BB83D793-82E4-4D71-8BFF-6516B04A90D4}.Debug|Any CPU.ActiveCfg = Debug|Any CPU
		{BB83D793-82E4-4D71-8BFF-6516B04A90D4}.Debug|Any CPU.Build.0 = Debug|Any CPU
		{BB83D793-82E4-4D71-8BFF-6516B04A90D4}.Debug|Mixed Platforms.ActiveCfg = Debug|Any CPU
		{BB83D793-82E4-4D71-8BFF-6516B04A90D4}.Debug|Mixed Platforms.Build.0 = Debug|Any CPU
		{BB83D793-82E4-4D71-8BFF-6516B04A90D4}.Debug|x86.ActiveCfg = Debug|Any CPU
		{BB83D793-82E4-4D71-8BFF-6516B04A90D4}.Debug|x86.Build.0 = Debug|Any CPU
		{BB83D793-82E4-4D71-8BFF-6516B04A90D4}.Release|Any CPU.ActiveCfg = Release|Any CPU
		{BB83D793-82E4-4D71-8BFF-6516B04A90D4}.Release|Any CPU.Build.0 = Release|Any CPU
		{BB83D793-82E4-4D71-8BFF-6516B04A90D4}.Release|Mixed Platforms.ActiveCfg = Release|Any CPU
		{BB83D793-82E4-4D71-8BFF-6516B04A90D4}.Release|Mixed Platforms.Build.0 = Release|Any CPU
		{BB83D793-82E4-4D71-8BFF-6516B04A90D4}.Release|x86.ActiveCfg = Release|Any CPU
		{BB83D793-82E4-4D71-8BFF-6516B04A90D4}.Release|x86.Build.0 = Release|Any CPU
		{BC0350FF-A9F3-4801-843B-E7EDFB298F4F}.Debug|Any CPU.ActiveCfg = Debug|Any CPU
		{BC0350FF-A9F3-4801-843B-E7EDFB298F4F}.Debug|Any CPU.Build.0 = Debug|Any CPU
		{BC0350FF-A9F3-4801-843B-E7EDFB298F4F}.Debug|Mixed Platforms.ActiveCfg = Debug|Any CPU
		{BC0350FF-A9F3-4801-843B-E7EDFB298F4F}.Debug|Mixed Platforms.Build.0 = Debug|Any CPU
		{BC0350FF-A9F3-4801-843B-E7EDFB298F4F}.Debug|x86.ActiveCfg = Debug|Any CPU
		{BC0350FF-A9F3-4801-843B-E7EDFB298F4F}.Debug|x86.Build.0 = Debug|Any CPU
		{BC0350FF-A9F3-4801-843B-E7EDFB298F4F}.Release|Any CPU.ActiveCfg = Release|Any CPU
		{BC0350FF-A9F3-4801-843B-E7EDFB298F4F}.Release|Any CPU.Build.0 = Release|Any CPU
		{BC0350FF-A9F3-4801-843B-E7EDFB298F4F}.Release|Mixed Platforms.ActiveCfg = Release|Any CPU
		{BC0350FF-A9F3-4801-843B-E7EDFB298F4F}.Release|Mixed Platforms.Build.0 = Release|Any CPU
		{BC0350FF-A9F3-4801-843B-E7EDFB298F4F}.Release|x86.ActiveCfg = Release|Any CPU
		{BC0350FF-A9F3-4801-843B-E7EDFB298F4F}.Release|x86.Build.0 = Release|Any CPU
		{CDC38417-7B6D-4A57-A8D6-51248BB2DAF9}.Debug|Any CPU.ActiveCfg = Debug|Any CPU
		{CDC38417-7B6D-4A57-A8D6-51248BB2DAF9}.Debug|Any CPU.Build.0 = Debug|Any CPU
		{CDC38417-7B6D-4A57-A8D6-51248BB2DAF9}.Debug|Mixed Platforms.ActiveCfg = Debug|Any CPU
		{CDC38417-7B6D-4A57-A8D6-51248BB2DAF9}.Debug|Mixed Platforms.Build.0 = Debug|Any CPU
		{CDC38417-7B6D-4A57-A8D6-51248BB2DAF9}.Debug|x86.ActiveCfg = Debug|Any CPU
		{CDC38417-7B6D-4A57-A8D6-51248BB2DAF9}.Debug|x86.Build.0 = Debug|Any CPU
		{CDC38417-7B6D-4A57-A8D6-51248BB2DAF9}.Release|Any CPU.ActiveCfg = Release|Any CPU
		{CDC38417-7B6D-4A57-A8D6-51248BB2DAF9}.Release|Any CPU.Build.0 = Release|Any CPU
		{CDC38417-7B6D-4A57-A8D6-51248BB2DAF9}.Release|Mixed Platforms.ActiveCfg = Release|Any CPU
		{CDC38417-7B6D-4A57-A8D6-51248BB2DAF9}.Release|Mixed Platforms.Build.0 = Release|Any CPU
		{CDC38417-7B6D-4A57-A8D6-51248BB2DAF9}.Release|x86.ActiveCfg = Release|Any CPU
		{CDC38417-7B6D-4A57-A8D6-51248BB2DAF9}.Release|x86.Build.0 = Release|Any CPU
		{D1C6BDD7-07D0-44A8-89CE-C4ACB9A2248C}.Debug|Any CPU.ActiveCfg = Debug|Any CPU
		{D1C6BDD7-07D0-44A8-89CE-C4ACB9A2248C}.Debug|Any CPU.Build.0 = Debug|Any CPU
		{D1C6BDD7-07D0-44A8-89CE-C4ACB9A2248C}.Debug|Mixed Platforms.ActiveCfg = Debug|Any CPU
		{D1C6BDD7-07D0-44A8-89CE-C4ACB9A2248C}.Debug|Mixed Platforms.Build.0 = Debug|Any CPU
		{D1C6BDD7-07D0-44A8-89CE-C4ACB9A2248C}.Debug|x86.ActiveCfg = Debug|Any CPU
		{D1C6BDD7-07D0-44A8-89CE-C4ACB9A2248C}.Debug|x86.Build.0 = Debug|Any CPU
		{D1C6BDD7-07D0-44A8-89CE-C4ACB9A2248C}.Release|Any CPU.ActiveCfg = Release|Any CPU
		{D1C6BDD7-07D0-44A8-89CE-C4ACB9A2248C}.Release|Any CPU.Build.0 = Release|Any CPU
		{D1C6BDD7-07D0-44A8-89CE-C4ACB9A2248C}.Release|Mixed Platforms.ActiveCfg = Release|Any CPU
		{D1C6BDD7-07D0-44A8-89CE-C4ACB9A2248C}.Release|Mixed Platforms.Build.0 = Release|Any CPU
		{D1C6BDD7-07D0-44A8-89CE-C4ACB9A2248C}.Release|x86.ActiveCfg = Release|Any CPU
		{D1C6BDD7-07D0-44A8-89CE-C4ACB9A2248C}.Release|x86.Build.0 = Release|Any CPU
		{DEF5FADA-CECF-4AC5-A124-46791C6FF735}.Debug|Any CPU.ActiveCfg = Debug|x86
		{DEF5FADA-CECF-4AC5-A124-46791C6FF735}.Debug|Any CPU.Build.0 = Debug|x86
		{DEF5FADA-CECF-4AC5-A124-46791C6FF735}.Debug|Mixed Platforms.ActiveCfg = Debug|x86
		{DEF5FADA-CECF-4AC5-A124-46791C6FF735}.Debug|Mixed Platforms.Build.0 = Debug|x86
		{DEF5FADA-CECF-4AC5-A124-46791C6FF735}.Debug|x86.ActiveCfg = Debug|x86
		{DEF5FADA-CECF-4AC5-A124-46791C6FF735}.Debug|x86.Build.0 = Debug|x86
		{DEF5FADA-CECF-4AC5-A124-46791C6FF735}.Release|Any CPU.ActiveCfg = Release|x86
		{DEF5FADA-CECF-4AC5-A124-46791C6FF735}.Release|Any CPU.Build.0 = Release|x86
		{DEF5FADA-CECF-4AC5-A124-46791C6FF735}.Release|Mixed Platforms.ActiveCfg = Release|x86
		{DEF5FADA-CECF-4AC5-A124-46791C6FF735}.Release|Mixed Platforms.Build.0 = Release|x86
		{DEF5FADA-CECF-4AC5-A124-46791C6FF735}.Release|x86.ActiveCfg = Release|x86
		{DEF5FADA-CECF-4AC5-A124-46791C6FF735}.Release|x86.Build.0 = Release|x86
		{E2FA15E4-3237-4225-B141-DEDE79A9D2FD}.Debug|Any CPU.ActiveCfg = Debug|x86
		{E2FA15E4-3237-4225-B141-DEDE79A9D2FD}.Debug|Any CPU.Build.0 = Debug|x86
		{E2FA15E4-3237-4225-B141-DEDE79A9D2FD}.Debug|Mixed Platforms.ActiveCfg = Debug|x86
		{E2FA15E4-3237-4225-B141-DEDE79A9D2FD}.Debug|Mixed Platforms.Build.0 = Debug|x86
		{E2FA15E4-3237-4225-B141-DEDE79A9D2FD}.Debug|x86.ActiveCfg = Debug|x86
		{E2FA15E4-3237-4225-B141-DEDE79A9D2FD}.Debug|x86.Build.0 = Debug|x86
		{E2FA15E4-3237-4225-B141-DEDE79A9D2FD}.Release|Any CPU.ActiveCfg = Release|x86
		{E2FA15E4-3237-4225-B141-DEDE79A9D2FD}.Release|Any CPU.Build.0 = Release|x86
		{E2FA15E4-3237-4225-B141-DEDE79A9D2FD}.Release|Mixed Platforms.ActiveCfg = Release|x86
		{E2FA15E4-3237-4225-B141-DEDE79A9D2FD}.Release|Mixed Platforms.Build.0 = Release|x86
		{E2FA15E4-3237-4225-B141-DEDE79A9D2FD}.Release|x86.ActiveCfg = Release|x86
		{E2FA15E4-3237-4225-B141-DEDE79A9D2FD}.Release|x86.Build.0 = Release|x86
		{E9546ABC-586C-4BAE-BE40-2DB84AFA7CFF}.Debug|Any CPU.ActiveCfg = Debug|Any CPU
		{E9546ABC-586C-4BAE-BE40-2DB84AFA7CFF}.Debug|Any CPU.Build.0 = Debug|Any CPU
		{E9546ABC-586C-4BAE-BE40-2DB84AFA7CFF}.Debug|Mixed Platforms.ActiveCfg = Debug|Any CPU
		{E9546ABC-586C-4BAE-BE40-2DB84AFA7CFF}.Debug|Mixed Platforms.Build.0 = Debug|Any CPU
		{E9546ABC-586C-4BAE-BE40-2DB84AFA7CFF}.Debug|x86.ActiveCfg = Debug|Any CPU
		{E9546ABC-586C-4BAE-BE40-2DB84AFA7CFF}.Debug|x86.Build.0 = Debug|Any CPU
		{E9546ABC-586C-4BAE-BE40-2DB84AFA7CFF}.Release|Any CPU.ActiveCfg = Release|Any CPU
		{E9546ABC-586C-4BAE-BE40-2DB84AFA7CFF}.Release|Any CPU.Build.0 = Release|Any CPU
		{E9546ABC-586C-4BAE-BE40-2DB84AFA7CFF}.Release|Mixed Platforms.ActiveCfg = Release|Any CPU
		{E9546ABC-586C-4BAE-BE40-2DB84AFA7CFF}.Release|Mixed Platforms.Build.0 = Release|Any CPU
		{E9546ABC-586C-4BAE-BE40-2DB84AFA7CFF}.Release|x86.ActiveCfg = Release|Any CPU
		{E9546ABC-586C-4BAE-BE40-2DB84AFA7CFF}.Release|x86.Build.0 = Release|Any CPU
		{FB24B173-DEFF-49D9-B232-561887EC652C}.Debug|Any CPU.ActiveCfg = Debug|Any CPU
		{FB24B173-DEFF-49D9-B232-561887EC652C}.Debug|Any CPU.Build.0 = Debug|Any CPU
		{FB24B173-DEFF-49D9-B232-561887EC652C}.Debug|Mixed Platforms.ActiveCfg = Debug|Any CPU
		{FB24B173-DEFF-49D9-B232-561887EC652C}.Debug|Mixed Platforms.Build.0 = Debug|Any CPU
		{FB24B173-DEFF-49D9-B232-561887EC652C}.Debug|x86.ActiveCfg = Debug|Any CPU
		{FB24B173-DEFF-49D9-B232-561887EC652C}.Debug|x86.Build.0 = Debug|Any CPU
		{FB24B173-DEFF-49D9-B232-561887EC652C}.Release|Any CPU.ActiveCfg = Release|Any CPU
		{FB24B173-DEFF-49D9-B232-561887EC652C}.Release|Any CPU.Build.0 = Release|Any CPU
		{FB24B173-DEFF-49D9-B232-561887EC652C}.Release|Mixed Platforms.ActiveCfg = Release|Any CPU
		{FB24B173-DEFF-49D9-B232-561887EC652C}.Release|Mixed Platforms.Build.0 = Release|Any CPU
		{FB24B173-DEFF-49D9-B232-561887EC652C}.Release|x86.ActiveCfg = Release|Any CPU
		{FB24B173-DEFF-49D9-B232-561887EC652C}.Release|x86.Build.0 = Release|Any CPU
	EndGlobalSection
	GlobalSection(NestedProjects) = preSolution
		{DEF5FADA-CECF-4AC5-A124-46791C6FF735} = {030B3E33-9492-49DD-81F4-68CE037DE089}
		{40AECBCB-B4A4-4913-82B0-90AA27269049} = {030B3E33-9492-49DD-81F4-68CE037DE089}
		{BB83D793-82E4-4D71-8BFF-6516B04A90D4} = {030B3E33-9492-49DD-81F4-68CE037DE089}
		{68CC314F-47A1-4794-BFD7-76DB88844B7D} = {030B3E33-9492-49DD-81F4-68CE037DE089}
		{E2FA15E4-3237-4225-B141-DEDE79A9D2FD} = {40AECBCB-B4A4-4913-82B0-90AA27269049}
		{984E824C-1FB5-4DEF-81BA-575332E9DB41} = {40AECBCB-B4A4-4913-82B0-90AA27269049}
		{2D1570D0-AE42-410A-89B9-C01F025D3E71} = {40AECBCB-B4A4-4913-82B0-90AA27269049}
		{D1C6BDD7-07D0-44A8-89CE-C4ACB9A2248C} = {40AECBCB-B4A4-4913-82B0-90AA27269049}
		{6FFBC24D-9B25-4B99-9950-5DA580AA7E74} = {B29B7521-7D83-4C33-BEE7-7F7FA65D260A}
		{BC0350FF-A9F3-4801-843B-E7EDFB298F4F} = {B29B7521-7D83-4C33-BEE7-7F7FA65D260A}
		{09B349D0-B8B6-4F4F-BFF8-B6AE2BE17F41} = {B29B7521-7D83-4C33-BEE7-7F7FA65D260A}
		{CDC38417-7B6D-4A57-A8D6-51248BB2DAF9} = {B29B7521-7D83-4C33-BEE7-7F7FA65D260A}
		{05738475-4CEA-425D-8775-7DD94A3611FD} = {6CC8D923-776C-482B-B043-9C1425232A91}
		{E9546ABC-586C-4BAE-BE40-2DB84AFA7CFF} = {6CC8D923-776C-482B-B043-9C1425232A91}
		{07D1D82A-049E-4BC9-A8E5-478F4D1F011A} = {6CC8D923-776C-482B-B043-9C1425232A91}
		{73A4A13B-B39A-4635-8AAF-F093BD699437} = {6CC8D923-776C-482B-B043-9C1425232A91}
		{64531B8E-C8B0-41A1-ACC2-330662B77269} = {6CC8D923-776C-482B-B043-9C1425232A91}
	EndGlobalSection
	GlobalSection(MonoDevelopProperties) = preSolution
		StartupItem = Simulations\MonoParser\MonoParser.csproj
	EndGlobalSection
	GlobalSection(SolutionProperties) = preSolution
		HideSolutionNode = FALSE
	EndGlobalSection
EndGlobal
